// !$*UTF8*$!
{
	archiveVersion = 1;
	classes = {
	};
	objectVersion = 55;
	objects = {

/* Begin PBXBuildFile section */
		2AF06888F1E6EE966F3578CE /* Pods_TheMovieDatabase.framework in Frameworks */ = {isa = PBXBuildFile; fileRef = CD30CB588202D4DC061296E6 /* Pods_TheMovieDatabase.framework */; };
		9C7F6C8A2A8BDF0200CCD9EE /* AppRouter.swift in Sources */ = {isa = PBXBuildFile; fileRef = 9C7F6C892A8BDF0200CCD9EE /* AppRouter.swift */; };
		9C7F6C8C2A8BDF2D00CCD9EE /* Animator.swift in Sources */ = {isa = PBXBuildFile; fileRef = 9C7F6C8B2A8BDF2D00CCD9EE /* Animator.swift */; };
		9C7F6C8E2A8BDF4100CCD9EE /* Router.swift in Sources */ = {isa = PBXBuildFile; fileRef = 9C7F6C8D2A8BDF4100CCD9EE /* Router.swift */; };
		9C7F6C902A8BDF5D00CCD9EE /* ModalTransition.swift in Sources */ = {isa = PBXBuildFile; fileRef = 9C7F6C8F2A8BDF5D00CCD9EE /* ModalTransition.swift */; };
		9C7F6C922A8BDF7100CCD9EE /* PlaceOnWindowTransition.swift in Sources */ = {isa = PBXBuildFile; fileRef = 9C7F6C912A8BDF7100CCD9EE /* PlaceOnWindowTransition.swift */; };
		9C7F6C942A8BDF8300CCD9EE /* PushTransition.swift in Sources */ = {isa = PBXBuildFile; fileRef = 9C7F6C932A8BDF8300CCD9EE /* PushTransition.swift */; };
		9C7F6C962A8BDF9C00CCD9EE /* Transition.swift in Sources */ = {isa = PBXBuildFile; fileRef = 9C7F6C952A8BDF9C00CCD9EE /* Transition.swift */; };
		9C7F6C992A8BE01000CCD9EE /* APIDataProvider.swift in Sources */ = {isa = PBXBuildFile; fileRef = 9C7F6C982A8BE01000CCD9EE /* APIDataProvider.swift */; };
		9C7F6C9B2A8BE02600CCD9EE /* APIRequestAdapter.swift in Sources */ = {isa = PBXBuildFile; fileRef = 9C7F6C9A2A8BE02600CCD9EE /* APIRequestAdapter.swift */; };
		9C7F6C9D2A8BE03E00CCD9EE /* APILogger.swift in Sources */ = {isa = PBXBuildFile; fileRef = 9C7F6C9C2A8BE03D00CCD9EE /* APILogger.swift */; };
		9C7F6C9F2A8BE05500CCD9EE /* DataProvider.swift in Sources */ = {isa = PBXBuildFile; fileRef = 9C7F6C9E2A8BE05500CCD9EE /* DataProvider.swift */; };
		9C7F6CA12A8BE06A00CCD9EE /* APIRequestInterceptor.swift in Sources */ = {isa = PBXBuildFile; fileRef = 9C7F6CA02A8BE06A00CCD9EE /* APIRequestInterceptor.swift */; };
		9C93EB042A8B8B8200202671 /* AppDelegate.swift in Sources */ = {isa = PBXBuildFile; fileRef = 9C93EB032A8B8B8200202671 /* AppDelegate.swift */; };
		9C93EB082A8B8B8200202671 /* MainViewController.swift in Sources */ = {isa = PBXBuildFile; fileRef = 9C93EB072A8B8B8200202671 /* MainViewController.swift */; };
		9C93EB0D2A8B8B8600202671 /* Assets.xcassets in Resources */ = {isa = PBXBuildFile; fileRef = 9C93EB0C2A8B8B8600202671 /* Assets.xcassets */; };
		9C93EB102A8B8B8600202671 /* LaunchScreen.storyboard in Resources */ = {isa = PBXBuildFile; fileRef = 9C93EB0E2A8B8B8600202671 /* LaunchScreen.storyboard */; };
		9C9CF7752A8C106200BD11A9 /* MainViewModel.swift in Sources */ = {isa = PBXBuildFile; fileRef = 9C9CF7742A8C106200BD11A9 /* MainViewModel.swift */; };
		9C9CF7772A8C109300BD11A9 /* MainRouter.swift in Sources */ = {isa = PBXBuildFile; fileRef = 9C9CF7762A8C109300BD11A9 /* MainRouter.swift */; };
		9C9CF7792A8C10AB00BD11A9 /* MainRoute.swift in Sources */ = {isa = PBXBuildFile; fileRef = 9C9CF7782A8C10AB00BD11A9 /* MainRoute.swift */; };
		9CB9EC1D2A8BECB600C43B00 /* UIComponents.framework in Frameworks */ = {isa = PBXBuildFile; fileRef = 9CB9EC1C2A8BECB600C43B00 /* UIComponents.framework */; };
		9CB9EC1F2A8BECBC00C43B00 /* DataProvider.framework in Frameworks */ = {isa = PBXBuildFile; fileRef = 9CB9EC1E2A8BECBC00C43B00 /* DataProvider.framework */; };
		9CB9EC212A8BECC300C43B00 /* Utilities.framework in Frameworks */ = {isa = PBXBuildFile; fileRef = 9CB9EC202A8BECC300C43B00 /* Utilities.framework */; };
		9CB9EC3D2A8C0BEF00C43B00 /* BaseViewController.swift in Sources */ = {isa = PBXBuildFile; fileRef = 9CB9EC3C2A8C0BEF00C43B00 /* BaseViewController.swift */; };
		9CB9EC3F2A8C0BFE00C43B00 /* BaseViewModel.swift in Sources */ = {isa = PBXBuildFile; fileRef = 9CB9EC3E2A8C0BFE00C43B00 /* BaseViewModel.swift */; };
/* End PBXBuildFile section */

/* Begin PBXFileReference section */
		06DFE0B5E286ABC611965927 /* Pods-TheMovieDatabase.release.xcconfig */ = {isa = PBXFileReference; includeInIndex = 1; lastKnownFileType = text.xcconfig; name = "Pods-TheMovieDatabase.release.xcconfig"; path = "Target Support Files/Pods-TheMovieDatabase/Pods-TheMovieDatabase.release.xcconfig"; sourceTree = "<group>"; };
		9C7F6C892A8BDF0200CCD9EE /* AppRouter.swift */ = {isa = PBXFileReference; lastKnownFileType = sourcecode.swift; path = AppRouter.swift; sourceTree = "<group>"; };
		9C7F6C8B2A8BDF2D00CCD9EE /* Animator.swift */ = {isa = PBXFileReference; lastKnownFileType = sourcecode.swift; path = Animator.swift; sourceTree = "<group>"; };
		9C7F6C8D2A8BDF4100CCD9EE /* Router.swift */ = {isa = PBXFileReference; lastKnownFileType = sourcecode.swift; path = Router.swift; sourceTree = "<group>"; };
		9C7F6C8F2A8BDF5D00CCD9EE /* ModalTransition.swift */ = {isa = PBXFileReference; lastKnownFileType = sourcecode.swift; path = ModalTransition.swift; sourceTree = "<group>"; };
		9C7F6C912A8BDF7100CCD9EE /* PlaceOnWindowTransition.swift */ = {isa = PBXFileReference; lastKnownFileType = sourcecode.swift; path = PlaceOnWindowTransition.swift; sourceTree = "<group>"; };
		9C7F6C932A8BDF8300CCD9EE /* PushTransition.swift */ = {isa = PBXFileReference; lastKnownFileType = sourcecode.swift; path = PushTransition.swift; sourceTree = "<group>"; };
		9C7F6C952A8BDF9C00CCD9EE /* Transition.swift */ = {isa = PBXFileReference; lastKnownFileType = sourcecode.swift; path = Transition.swift; sourceTree = "<group>"; };
		9C7F6C982A8BE01000CCD9EE /* APIDataProvider.swift */ = {isa = PBXFileReference; lastKnownFileType = sourcecode.swift; path = APIDataProvider.swift; sourceTree = "<group>"; };
		9C7F6C9A2A8BE02600CCD9EE /* APIRequestAdapter.swift */ = {isa = PBXFileReference; lastKnownFileType = sourcecode.swift; path = APIRequestAdapter.swift; sourceTree = "<group>"; };
		9C7F6C9C2A8BE03D00CCD9EE /* APILogger.swift */ = {isa = PBXFileReference; lastKnownFileType = sourcecode.swift; path = APILogger.swift; sourceTree = "<group>"; };
		9C7F6C9E2A8BE05500CCD9EE /* DataProvider.swift */ = {isa = PBXFileReference; lastKnownFileType = sourcecode.swift; path = DataProvider.swift; sourceTree = "<group>"; };
		9C7F6CA02A8BE06A00CCD9EE /* APIRequestInterceptor.swift */ = {isa = PBXFileReference; lastKnownFileType = sourcecode.swift; path = APIRequestInterceptor.swift; sourceTree = "<group>"; };
		9C93EB002A8B8B8200202671 /* TheMovieDatabase.app */ = {isa = PBXFileReference; explicitFileType = wrapper.application; includeInIndex = 0; path = TheMovieDatabase.app; sourceTree = BUILT_PRODUCTS_DIR; };
		9C93EB032A8B8B8200202671 /* AppDelegate.swift */ = {isa = PBXFileReference; lastKnownFileType = sourcecode.swift; path = AppDelegate.swift; sourceTree = "<group>"; };
		9C93EB072A8B8B8200202671 /* MainViewController.swift */ = {isa = PBXFileReference; lastKnownFileType = sourcecode.swift; path = MainViewController.swift; sourceTree = "<group>"; };
		9C93EB0C2A8B8B8600202671 /* Assets.xcassets */ = {isa = PBXFileReference; lastKnownFileType = folder.assetcatalog; path = Assets.xcassets; sourceTree = "<group>"; };
		9C93EB0F2A8B8B8600202671 /* Base */ = {isa = PBXFileReference; lastKnownFileType = file.storyboard; name = Base; path = Base.lproj/LaunchScreen.storyboard; sourceTree = "<group>"; };
		9C93EB112A8B8B8600202671 /* Info.plist */ = {isa = PBXFileReference; lastKnownFileType = text.plist.xml; path = Info.plist; sourceTree = "<group>"; };
		9C9CF7742A8C106200BD11A9 /* MainViewModel.swift */ = {isa = PBXFileReference; lastKnownFileType = sourcecode.swift; path = MainViewModel.swift; sourceTree = "<group>"; };
		9C9CF7762A8C109300BD11A9 /* MainRouter.swift */ = {isa = PBXFileReference; lastKnownFileType = sourcecode.swift; path = MainRouter.swift; sourceTree = "<group>"; };
		9C9CF7782A8C10AB00BD11A9 /* MainRoute.swift */ = {isa = PBXFileReference; lastKnownFileType = sourcecode.swift; path = MainRoute.swift; sourceTree = "<group>"; };
		9CB9EC1C2A8BECB600C43B00 /* UIComponents.framework */ = {isa = PBXFileReference; explicitFileType = wrapper.framework; path = UIComponents.framework; sourceTree = BUILT_PRODUCTS_DIR; };
		9CB9EC1E2A8BECBC00C43B00 /* DataProvider.framework */ = {isa = PBXFileReference; explicitFileType = wrapper.framework; path = DataProvider.framework; sourceTree = BUILT_PRODUCTS_DIR; };
		9CB9EC202A8BECC300C43B00 /* Utilities.framework */ = {isa = PBXFileReference; explicitFileType = wrapper.framework; path = Utilities.framework; sourceTree = BUILT_PRODUCTS_DIR; };
		9CB9EC222A8BEDEF00C43B00 /* TheMovieDatabase-Bridging-Header.h */ = {isa = PBXFileReference; lastKnownFileType = sourcecode.c.h; path = "TheMovieDatabase-Bridging-Header.h"; sourceTree = "<group>"; };
		9CB9EC3C2A8C0BEF00C43B00 /* BaseViewController.swift */ = {isa = PBXFileReference; lastKnownFileType = sourcecode.swift; path = BaseViewController.swift; sourceTree = "<group>"; };
		9CB9EC3E2A8C0BFE00C43B00 /* BaseViewModel.swift */ = {isa = PBXFileReference; lastKnownFileType = sourcecode.swift; path = BaseViewModel.swift; sourceTree = "<group>"; };
		9E9FB65B3311F4E6AB5E9530 /* Pods-TheMovieDatabase.debug.xcconfig */ = {isa = PBXFileReference; includeInIndex = 1; lastKnownFileType = text.xcconfig; name = "Pods-TheMovieDatabase.debug.xcconfig"; path = "Target Support Files/Pods-TheMovieDatabase/Pods-TheMovieDatabase.debug.xcconfig"; sourceTree = "<group>"; };
		CD30CB588202D4DC061296E6 /* Pods_TheMovieDatabase.framework */ = {isa = PBXFileReference; explicitFileType = wrapper.framework; includeInIndex = 0; path = Pods_TheMovieDatabase.framework; sourceTree = BUILT_PRODUCTS_DIR; };
/* End PBXFileReference section */

/* Begin PBXFrameworksBuildPhase section */
		9C93EAFD2A8B8B8200202671 /* Frameworks */ = {
			isa = PBXFrameworksBuildPhase;
			buildActionMask = 2147483647;
			files = (
				9CB9EC212A8BECC300C43B00 /* Utilities.framework in Frameworks */,
				9CB9EC1F2A8BECBC00C43B00 /* DataProvider.framework in Frameworks */,
				9CB9EC1D2A8BECB600C43B00 /* UIComponents.framework in Frameworks */,
				2AF06888F1E6EE966F3578CE /* Pods_TheMovieDatabase.framework in Frameworks */,
			);
			runOnlyForDeploymentPostprocessing = 0;
		};
/* End PBXFrameworksBuildPhase section */

/* Begin PBXGroup section */
		9C7F6C832A8BDEAE00CCD9EE /* Routing */ = {
			isa = PBXGroup;
			children = (
				9C7F6C862A8BDED200CCD9EE /* Routers */,
				9C7F6C852A8BDEC700CCD9EE /* Core */,
				9C7F6C842A8BDEBD00CCD9EE /* Transitions */,
			);
			path = Routing;
			sourceTree = "<group>";
		};
		9C7F6C842A8BDEBD00CCD9EE /* Transitions */ = {
			isa = PBXGroup;
			children = (
				9C7F6C8F2A8BDF5D00CCD9EE /* ModalTransition.swift */,
				9C7F6C912A8BDF7100CCD9EE /* PlaceOnWindowTransition.swift */,
				9C7F6C932A8BDF8300CCD9EE /* PushTransition.swift */,
				9C7F6C952A8BDF9C00CCD9EE /* Transition.swift */,
			);
			path = Transitions;
			sourceTree = "<group>";
		};
		9C7F6C852A8BDEC700CCD9EE /* Core */ = {
			isa = PBXGroup;
			children = (
				9C7F6C8B2A8BDF2D00CCD9EE /* Animator.swift */,
				9C7F6C8D2A8BDF4100CCD9EE /* Router.swift */,
			);
			path = Core;
			sourceTree = "<group>";
		};
		9C7F6C862A8BDED200CCD9EE /* Routers */ = {
			isa = PBXGroup;
			children = (
				9C7F6C892A8BDF0200CCD9EE /* AppRouter.swift */,
			);
			path = Routers;
			sourceTree = "<group>";
		};
		9C7F6C972A8BDFFD00CCD9EE /* DataProvider */ = {
			isa = PBXGroup;
			children = (
				9C7F6C982A8BE01000CCD9EE /* APIDataProvider.swift */,
				9C7F6C9A2A8BE02600CCD9EE /* APIRequestAdapter.swift */,
				9C7F6C9C2A8BE03D00CCD9EE /* APILogger.swift */,
				9C7F6C9E2A8BE05500CCD9EE /* DataProvider.swift */,
				9C7F6CA02A8BE06A00CCD9EE /* APIRequestInterceptor.swift */,
			);
			path = DataProvider;
			sourceTree = "<group>";
		};
		9C7F6CA22A8BE0B900CCD9EE /* Delegate */ = {
			isa = PBXGroup;
			children = (
				9C93EB032A8B8B8200202671 /* AppDelegate.swift */,
			);
			path = Delegate;
			sourceTree = "<group>";
		};
		9C7F6CA82A8BE35A00CCD9EE /* BridgingHeader */ = {
			isa = PBXGroup;
			children = (
				9CB9EC222A8BEDEF00C43B00 /* TheMovieDatabase-Bridging-Header.h */,
			);
			path = BridgingHeader;
			sourceTree = "<group>";
		};
		9C93EAF72A8B8B8200202671 = {
			isa = PBXGroup;
			children = (
				9C93EB022A8B8B8200202671 /* TheMovieDatabase */,
				9C93EB012A8B8B8200202671 /* Products */,
				E6D1CD9606ABC113E3F491F1 /* Pods */,
				C6707351772AD11F4D7C9ABB /* Frameworks */,
			);
			sourceTree = "<group>";
		};
		9C93EB012A8B8B8200202671 /* Products */ = {
			isa = PBXGroup;
			children = (
				9C93EB002A8B8B8200202671 /* TheMovieDatabase.app */,
			);
			name = Products;
			sourceTree = "<group>";
		};
		9C93EB022A8B8B8200202671 /* TheMovieDatabase */ = {
			isa = PBXGroup;
			children = (
				9C7F6C972A8BDFFD00CCD9EE /* DataProvider */,
				9C7F6C832A8BDEAE00CCD9EE /* Routing */,
				9C7F6CA22A8BE0B900CCD9EE /* Delegate */,
				9CC5AF392A8CB56B004DC5C0 /* Scenes */,
				9C7F6CA82A8BE35A00CCD9EE /* BridgingHeader */,
				9C93EB0C2A8B8B8600202671 /* Assets.xcassets */,
				9C93EB0E2A8B8B8600202671 /* LaunchScreen.storyboard */,
				9C93EB112A8B8B8600202671 /* Info.plist */,
			);
			path = TheMovieDatabase;
			sourceTree = "<group>";
		};
		9CB9EC3B2A8C0BDE00C43B00 /* Base */ = {
			isa = PBXGroup;
			children = (
				9CB9EC3C2A8C0BEF00C43B00 /* BaseViewController.swift */,
				9CB9EC3E2A8C0BFE00C43B00 /* BaseViewModel.swift */,
			);
			path = Base;
			sourceTree = "<group>";
		};
		9CC5AF392A8CB56B004DC5C0 /* Scenes */ = {
			isa = PBXGroup;
			children = (
				9CC5AF3A2A8CB57F004DC5C0 /* Main */,
				9CB9EC3B2A8C0BDE00C43B00 /* Base */,
			);
			path = Scenes;
			sourceTree = "<group>";
		};
		9CC5AF3A2A8CB57F004DC5C0 /* Main */ = {
			isa = PBXGroup;
			children = (
				9C93EB072A8B8B8200202671 /* MainViewController.swift */,
				9C9CF7742A8C106200BD11A9 /* MainViewModel.swift */,
				9C9CF7762A8C109300BD11A9 /* MainRouter.swift */,
				9C9CF7782A8C10AB00BD11A9 /* MainRoute.swift */,
			);
			path = Main;
			sourceTree = "<group>";
		};
		C6707351772AD11F4D7C9ABB /* Frameworks */ = {
			isa = PBXGroup;
			children = (
				9CB9EC202A8BECC300C43B00 /* Utilities.framework */,
				9CB9EC1E2A8BECBC00C43B00 /* DataProvider.framework */,
				9CB9EC1C2A8BECB600C43B00 /* UIComponents.framework */,
				CD30CB588202D4DC061296E6 /* Pods_TheMovieDatabase.framework */,
			);
			name = Frameworks;
			sourceTree = "<group>";
		};
		E6D1CD9606ABC113E3F491F1 /* Pods */ = {
			isa = PBXGroup;
			children = (
				9E9FB65B3311F4E6AB5E9530 /* Pods-TheMovieDatabase.debug.xcconfig */,
				06DFE0B5E286ABC611965927 /* Pods-TheMovieDatabase.release.xcconfig */,
			);
			path = Pods;
			sourceTree = "<group>";
		};
/* End PBXGroup section */

/* Begin PBXNativeTarget section */
		9C93EAFF2A8B8B8200202671 /* TheMovieDatabase */ = {
			isa = PBXNativeTarget;
			buildConfigurationList = 9C93EB142A8B8B8600202671 /* Build configuration list for PBXNativeTarget "TheMovieDatabase" */;
			buildPhases = (
				EA72B2B34B2D385241902B86 /* [CP] Check Pods Manifest.lock */,
				9C93EAFC2A8B8B8200202671 /* Sources */,
				9C93EAFD2A8B8B8200202671 /* Frameworks */,
				9C93EAFE2A8B8B8200202671 /* Resources */,
				F552B0A10C46C8ECF798EFD4 /* [CP] Embed Pods Frameworks */,
			);
			buildRules = (
			);
			dependencies = (
			);
			name = TheMovieDatabase;
			productName = TheMovieDatabase;
			productReference = 9C93EB002A8B8B8200202671 /* TheMovieDatabase.app */;
			productType = "com.apple.product-type.application";
		};
/* End PBXNativeTarget section */

/* Begin PBXProject section */
		9C93EAF82A8B8B8200202671 /* Project object */ = {
			isa = PBXProject;
			attributes = {
				BuildIndependentTargetsInParallel = 1;
				LastSwiftUpdateCheck = 1340;
				LastUpgradeCheck = 1340;
				TargetAttributes = {
					9C93EAFF2A8B8B8200202671 = {
						CreatedOnToolsVersion = 13.4.1;
					};
				};
			};
			buildConfigurationList = 9C93EAFB2A8B8B8200202671 /* Build configuration list for PBXProject "TheMovieDatabase" */;
			compatibilityVersion = "Xcode 13.0";
			developmentRegion = en;
			hasScannedForEncodings = 0;
			knownRegions = (
				en,
				Base,
			);
			mainGroup = 9C93EAF72A8B8B8200202671;
			productRefGroup = 9C93EB012A8B8B8200202671 /* Products */;
			projectDirPath = "";
			projectRoot = "";
			targets = (
				9C93EAFF2A8B8B8200202671 /* TheMovieDatabase */,
			);
		};
/* End PBXProject section */

/* Begin PBXResourcesBuildPhase section */
		9C93EAFE2A8B8B8200202671 /* Resources */ = {
			isa = PBXResourcesBuildPhase;
			buildActionMask = 2147483647;
			files = (
				9C93EB102A8B8B8600202671 /* LaunchScreen.storyboard in Resources */,
				9C93EB0D2A8B8B8600202671 /* Assets.xcassets in Resources */,
			);
			runOnlyForDeploymentPostprocessing = 0;
		};
/* End PBXResourcesBuildPhase section */

/* Begin PBXShellScriptBuildPhase section */
		EA72B2B34B2D385241902B86 /* [CP] Check Pods Manifest.lock */ = {
			isa = PBXShellScriptBuildPhase;
			buildActionMask = 2147483647;
			files = (
			);
			inputFileListPaths = (
			);
			inputPaths = (
				"${PODS_PODFILE_DIR_PATH}/Podfile.lock",
				"${PODS_ROOT}/Manifest.lock",
			);
			name = "[CP] Check Pods Manifest.lock";
			outputFileListPaths = (
			);
			outputPaths = (
				"$(DERIVED_FILE_DIR)/Pods-TheMovieDatabase-checkManifestLockResult.txt",
			);
			runOnlyForDeploymentPostprocessing = 0;
			shellPath = /bin/sh;
			shellScript = "diff \"${PODS_PODFILE_DIR_PATH}/Podfile.lock\" \"${PODS_ROOT}/Manifest.lock\" > /dev/null\nif [ $? != 0 ] ; then\n    # print error to STDERR\n    echo \"error: The sandbox is not in sync with the Podfile.lock. Run 'pod install' or update your CocoaPods installation.\" >&2\n    exit 1\nfi\n# This output is used by Xcode 'outputs' to avoid re-running this script phase.\necho \"SUCCESS\" > \"${SCRIPT_OUTPUT_FILE_0}\"\n";
			showEnvVarsInLog = 0;
		};
		F552B0A10C46C8ECF798EFD4 /* [CP] Embed Pods Frameworks */ = {
			isa = PBXShellScriptBuildPhase;
			buildActionMask = 2147483647;
			files = (
			);
			inputFileListPaths = (
				"${PODS_ROOT}/Target Support Files/Pods-TheMovieDatabase/Pods-TheMovieDatabase-frameworks-${CONFIGURATION}-input-files.xcfilelist",
			);
			name = "[CP] Embed Pods Frameworks";
			outputFileListPaths = (
				"${PODS_ROOT}/Target Support Files/Pods-TheMovieDatabase/Pods-TheMovieDatabase-frameworks-${CONFIGURATION}-output-files.xcfilelist",
			);
			runOnlyForDeploymentPostprocessing = 0;
			shellPath = /bin/sh;
			shellScript = "\"${PODS_ROOT}/Target Support Files/Pods-TheMovieDatabase/Pods-TheMovieDatabase-frameworks.sh\"\n";
			showEnvVarsInLog = 0;
		};
/* End PBXShellScriptBuildPhase section */

/* Begin PBXSourcesBuildPhase section */
		9C93EAFC2A8B8B8200202671 /* Sources */ = {
			isa = PBXSourcesBuildPhase;
			buildActionMask = 2147483647;
			files = (
				9C7F6C962A8BDF9C00CCD9EE /* Transition.swift in Sources */,
				9C7F6C8C2A8BDF2D00CCD9EE /* Animator.swift in Sources */,
				9C7F6CA12A8BE06A00CCD9EE /* APIRequestInterceptor.swift in Sources */,
				9C9CF7772A8C109300BD11A9 /* MainRouter.swift in Sources */,
				9C7F6C8A2A8BDF0200CCD9EE /* AppRouter.swift in Sources */,
				9C7F6C992A8BE01000CCD9EE /* APIDataProvider.swift in Sources */,
				9CB9EC3F2A8C0BFE00C43B00 /* BaseViewModel.swift in Sources */,
				9CB9EC3D2A8C0BEF00C43B00 /* BaseViewController.swift in Sources */,
				9C9CF7792A8C10AB00BD11A9 /* MainRoute.swift in Sources */,
				9C7F6C9D2A8BE03E00CCD9EE /* APILogger.swift in Sources */,
				9C93EB082A8B8B8200202671 /* MainViewController.swift in Sources */,
				9C93EB042A8B8B8200202671 /* AppDelegate.swift in Sources */,
				9C7F6C9B2A8BE02600CCD9EE /* APIRequestAdapter.swift in Sources */,
				9C7F6C8E2A8BDF4100CCD9EE /* Router.swift in Sources */,
				9C7F6C922A8BDF7100CCD9EE /* PlaceOnWindowTransition.swift in Sources */,
				9C7F6C9F2A8BE05500CCD9EE /* DataProvider.swift in Sources */,
				9C7F6C902A8BDF5D00CCD9EE /* ModalTransition.swift in Sources */,
				9C7F6C942A8BDF8300CCD9EE /* PushTransition.swift in Sources */,
				9C9CF7752A8C106200BD11A9 /* MainViewModel.swift in Sources */,
			);
			runOnlyForDeploymentPostprocessing = 0;
		};
/* End PBXSourcesBuildPhase section */

/* Begin PBXVariantGroup section */
		9C93EB0E2A8B8B8600202671 /* LaunchScreen.storyboard */ = {
			isa = PBXVariantGroup;
			children = (
				9C93EB0F2A8B8B8600202671 /* Base */,
			);
			name = LaunchScreen.storyboard;
			sourceTree = "<group>";
		};
/* End PBXVariantGroup section */

/* Begin XCBuildConfiguration section */
		9C93EB122A8B8B8600202671 /* Debug */ = {
			isa = XCBuildConfiguration;
			buildSettings = {
				ALWAYS_SEARCH_USER_PATHS = NO;
				CLANG_ANALYZER_NONNULL = YES;
				CLANG_ANALYZER_NUMBER_OBJECT_CONVERSION = YES_AGGRESSIVE;
				CLANG_CXX_LANGUAGE_STANDARD = "gnu++17";
				CLANG_ENABLE_MODULES = YES;
				CLANG_ENABLE_OBJC_ARC = YES;
				CLANG_ENABLE_OBJC_WEAK = YES;
				CLANG_WARN_BLOCK_CAPTURE_AUTORELEASING = YES;
				CLANG_WARN_BOOL_CONVERSION = YES;
				CLANG_WARN_COMMA = YES;
				CLANG_WARN_CONSTANT_CONVERSION = YES;
				CLANG_WARN_DEPRECATED_OBJC_IMPLEMENTATIONS = YES;
				CLANG_WARN_DIRECT_OBJC_ISA_USAGE = YES_ERROR;
				CLANG_WARN_DOCUMENTATION_COMMENTS = YES;
				CLANG_WARN_EMPTY_BODY = YES;
				CLANG_WARN_ENUM_CONVERSION = YES;
				CLANG_WARN_INFINITE_RECURSION = YES;
				CLANG_WARN_INT_CONVERSION = YES;
				CLANG_WARN_NON_LITERAL_NULL_CONVERSION = YES;
				CLANG_WARN_OBJC_IMPLICIT_RETAIN_SELF = YES;
				CLANG_WARN_OBJC_LITERAL_CONVERSION = YES;
				CLANG_WARN_OBJC_ROOT_CLASS = YES_ERROR;
				CLANG_WARN_QUOTED_INCLUDE_IN_FRAMEWORK_HEADER = YES;
				CLANG_WARN_RANGE_LOOP_ANALYSIS = YES;
				CLANG_WARN_STRICT_PROTOTYPES = YES;
				CLANG_WARN_SUSPICIOUS_MOVE = YES;
				CLANG_WARN_UNGUARDED_AVAILABILITY = YES_AGGRESSIVE;
				CLANG_WARN_UNREACHABLE_CODE = YES;
				CLANG_WARN__DUPLICATE_METHOD_MATCH = YES;
				COPY_PHASE_STRIP = NO;
				DEBUG_INFORMATION_FORMAT = dwarf;
				ENABLE_STRICT_OBJC_MSGSEND = YES;
				ENABLE_TESTABILITY = YES;
				GCC_C_LANGUAGE_STANDARD = gnu11;
				GCC_DYNAMIC_NO_PIC = NO;
				GCC_NO_COMMON_BLOCKS = YES;
				GCC_OPTIMIZATION_LEVEL = 0;
				GCC_PREPROCESSOR_DEFINITIONS = (
					"DEBUG=1",
					"$(inherited)",
				);
				GCC_WARN_64_TO_32_BIT_CONVERSION = YES;
				GCC_WARN_ABOUT_RETURN_TYPE = YES_ERROR;
				GCC_WARN_UNDECLARED_SELECTOR = YES;
				GCC_WARN_UNINITIALIZED_AUTOS = YES_AGGRESSIVE;
				GCC_WARN_UNUSED_FUNCTION = YES;
				GCC_WARN_UNUSED_VARIABLE = YES;
				IPHONEOS_DEPLOYMENT_TARGET = 11.0;
				MTL_ENABLE_DEBUG_INFO = INCLUDE_SOURCE;
				MTL_FAST_MATH = YES;
				ONLY_ACTIVE_ARCH = YES;
				SDKROOT = iphoneos;
				SWIFT_ACTIVE_COMPILATION_CONDITIONS = DEBUG;
				SWIFT_OPTIMIZATION_LEVEL = "-Onone";
			};
			name = Debug;
		};
		9C93EB132A8B8B8600202671 /* Release */ = {
			isa = XCBuildConfiguration;
			buildSettings = {
				ALWAYS_SEARCH_USER_PATHS = NO;
				CLANG_ANALYZER_NONNULL = YES;
				CLANG_ANALYZER_NUMBER_OBJECT_CONVERSION = YES_AGGRESSIVE;
				CLANG_CXX_LANGUAGE_STANDARD = "gnu++17";
				CLANG_ENABLE_MODULES = YES;
				CLANG_ENABLE_OBJC_ARC = YES;
				CLANG_ENABLE_OBJC_WEAK = YES;
				CLANG_WARN_BLOCK_CAPTURE_AUTORELEASING = YES;
				CLANG_WARN_BOOL_CONVERSION = YES;
				CLANG_WARN_COMMA = YES;
				CLANG_WARN_CONSTANT_CONVERSION = YES;
				CLANG_WARN_DEPRECATED_OBJC_IMPLEMENTATIONS = YES;
				CLANG_WARN_DIRECT_OBJC_ISA_USAGE = YES_ERROR;
				CLANG_WARN_DOCUMENTATION_COMMENTS = YES;
				CLANG_WARN_EMPTY_BODY = YES;
				CLANG_WARN_ENUM_CONVERSION = YES;
				CLANG_WARN_INFINITE_RECURSION = YES;
				CLANG_WARN_INT_CONVERSION = YES;
				CLANG_WARN_NON_LITERAL_NULL_CONVERSION = YES;
				CLANG_WARN_OBJC_IMPLICIT_RETAIN_SELF = YES;
				CLANG_WARN_OBJC_LITERAL_CONVERSION = YES;
				CLANG_WARN_OBJC_ROOT_CLASS = YES_ERROR;
				CLANG_WARN_QUOTED_INCLUDE_IN_FRAMEWORK_HEADER = YES;
				CLANG_WARN_RANGE_LOOP_ANALYSIS = YES;
				CLANG_WARN_STRICT_PROTOTYPES = YES;
				CLANG_WARN_SUSPICIOUS_MOVE = YES;
				CLANG_WARN_UNGUARDED_AVAILABILITY = YES_AGGRESSIVE;
				CLANG_WARN_UNREACHABLE_CODE = YES;
				CLANG_WARN__DUPLICATE_METHOD_MATCH = YES;
				COPY_PHASE_STRIP = NO;
				DEBUG_INFORMATION_FORMAT = "dwarf-with-dsym";
				ENABLE_NS_ASSERTIONS = NO;
				ENABLE_STRICT_OBJC_MSGSEND = YES;
				GCC_C_LANGUAGE_STANDARD = gnu11;
				GCC_NO_COMMON_BLOCKS = YES;
				GCC_WARN_64_TO_32_BIT_CONVERSION = YES;
				GCC_WARN_ABOUT_RETURN_TYPE = YES_ERROR;
				GCC_WARN_UNDECLARED_SELECTOR = YES;
				GCC_WARN_UNINITIALIZED_AUTOS = YES_AGGRESSIVE;
				GCC_WARN_UNUSED_FUNCTION = YES;
				GCC_WARN_UNUSED_VARIABLE = YES;
				IPHONEOS_DEPLOYMENT_TARGET = 11.0;
				MTL_ENABLE_DEBUG_INFO = NO;
				MTL_FAST_MATH = YES;
				SDKROOT = iphoneos;
				SWIFT_COMPILATION_MODE = wholemodule;
				SWIFT_OPTIMIZATION_LEVEL = "-O";
				VALIDATE_PRODUCT = YES;
			};
			name = Release;
		};
		9C93EB152A8B8B8600202671 /* Debug */ = {
			isa = XCBuildConfiguration;
			baseConfigurationReference = 9E9FB65B3311F4E6AB5E9530 /* Pods-TheMovieDatabase.debug.xcconfig */;
			buildSettings = {
				ASSETCATALOG_COMPILER_APPICON_NAME = AppIcon;
				ASSETCATALOG_COMPILER_GLOBAL_ACCENT_COLOR_NAME = AccentColor;
				CODE_SIGN_STYLE = Automatic;
				CURRENT_PROJECT_VERSION = 1;
				DEVELOPMENT_TEAM = 9M7WKZBC84;
				GENERATE_INFOPLIST_FILE = YES;
				INFOPLIST_FILE = TheMovieDatabase/Info.plist;
				INFOPLIST_KEY_UIApplicationSupportsIndirectInputEvents = YES;
				INFOPLIST_KEY_UILaunchStoryboardName = LaunchScreen;
				INFOPLIST_KEY_UISupportedInterfaceOrientations_iPad = "UIInterfaceOrientationPortrait UIInterfaceOrientationPortraitUpsideDown UIInterfaceOrientationLandscapeLeft UIInterfaceOrientationLandscapeRight";
				INFOPLIST_KEY_UISupportedInterfaceOrientations_iPhone = "UIInterfaceOrientationPortrait UIInterfaceOrientationLandscapeLeft UIInterfaceOrientationLandscapeRight";
				IPHONEOS_DEPLOYMENT_TARGET = 11.0;
				LD_RUNPATH_SEARCH_PATHS = (
					"$(inherited)",
					"@executable_path/Frameworks",
				);
				MARKETING_VERSION = 1.0;
				PRODUCT_BUNDLE_IDENTIFIER = com.ibrahimkultepe.TheMovieDatabase;
				PRODUCT_NAME = "$(TARGET_NAME)";
				SWIFT_EMIT_LOC_STRINGS = YES;
				SWIFT_OBJC_BRIDGING_HEADER = "TheMovieDatabase/BridgingHeader/TheMovieDatabase-Bridging-Header.h";
				SWIFT_VERSION = 5.0;
				TARGETED_DEVICE_FAMILY = 1;
			};
			name = Debug;
		};
		9C93EB162A8B8B8600202671 /* Release */ = {
			isa = XCBuildConfiguration;
			baseConfigurationReference = 06DFE0B5E286ABC611965927 /* Pods-TheMovieDatabase.release.xcconfig */;
			buildSettings = {
				ASSETCATALOG_COMPILER_APPICON_NAME = AppIcon;
				ASSETCATALOG_COMPILER_GLOBAL_ACCENT_COLOR_NAME = AccentColor;
				CODE_SIGN_STYLE = Automatic;
				CURRENT_PROJECT_VERSION = 1;
				DEVELOPMENT_TEAM = 9M7WKZBC84;
				GENERATE_INFOPLIST_FILE = YES;
				INFOPLIST_FILE = TheMovieDatabase/Info.plist;
				INFOPLIST_KEY_UIApplicationSupportsIndirectInputEvents = YES;
				INFOPLIST_KEY_UILaunchStoryboardName = LaunchScreen;
				INFOPLIST_KEY_UISupportedInterfaceOrientations_iPad = "UIInterfaceOrientationPortrait UIInterfaceOrientationPortraitUpsideDown UIInterfaceOrientationLandscapeLeft UIInterfaceOrientationLandscapeRight";
				INFOPLIST_KEY_UISupportedInterfaceOrientations_iPhone = "UIInterfaceOrientationPortrait UIInterfaceOrientationLandscapeLeft UIInterfaceOrientationLandscapeRight";
				IPHONEOS_DEPLOYMENT_TARGET = 11.0;
				LD_RUNPATH_SEARCH_PATHS = (
					"$(inherited)",
					"@executable_path/Frameworks",
				);
				MARKETING_VERSION = 1.0;
				PRODUCT_BUNDLE_IDENTIFIER = com.ibrahimkultepe.TheMovieDatabase;
				PRODUCT_NAME = "$(TARGET_NAME)";
				SWIFT_EMIT_LOC_STRINGS = YES;
				SWIFT_OBJC_BRIDGING_HEADER = "TheMovieDatabase/BridgingHeader/TheMovieDatabase-Bridging-Header.h";
				SWIFT_VERSION = 5.0;
				TARGETED_DEVICE_FAMILY = 1;
			};
			name = Release;
		};
/* End XCBuildConfiguration section */

/* Begin XCConfigurationList section */
		9C93EAFB2A8B8B8200202671 /* Build configuration list for PBXProject "TheMovieDatabase" */ = {
			isa = XCConfigurationList;
			buildConfigurations = (
				9C93EB122A8B8B8600202671 /* Debug */,
				9C93EB132A8B8B8600202671 /* Release */,
			);
			defaultConfigurationIsVisible = 0;
			defaultConfigurationName = Release;
		};
		9C93EB142A8B8B8600202671 /* Build configuration list for PBXNativeTarget "TheMovieDatabase" */ = {
			isa = XCConfigurationList;
			buildConfigurations = (
				9C93EB152A8B8B8600202671 /* Debug */,
				9C93EB162A8B8B8600202671 /* Release */,
			);
			defaultConfigurationIsVisible = 0;
			defaultConfigurationName = Release;
		};
/* End XCConfigurationList section */
	};
	rootObject = 9C93EAF82A8B8B8200202671 /* Project object */;
}
